{
  "name": "WEB17",
  "version": "1.0.0",
  "lockfileVersion": 1,
  "requires": true,
  "dependencies": {
    "@babel/runtime": {
      "version": "7.16.0",
      "resolved": "https://registry.npmjs.org/@babel/runtime/-/runtime-7.16.0.tgz",
      "integrity": "sha512-Nht8L0O8YCktmsDV6FqFue7vQLRx3Hb0B37lS5y0jDRqRxlBG4wIJHnf9/bgSE2UyipKFA01YtS+npRdTWBUyw==",
      "requires": {
        "regenerator-runtime": "^0.13.4"
      }
    },
    "@socket.io/component-emitter": {
      "version": "3.0.0",
      "resolved": "https://registry.npmjs.org/@socket.io/component-emitter/-/component-emitter-3.0.0.tgz",
      "integrity": "sha512-2pTGuibAXJswAPJjaKisthqS/NOK5ypG4LYT6tEAV0S/mxW0zOIvYvGK0V8w8+SHxAm6vRMSjqSalFXeBAqs+Q=="
    },
    "@types/history": {
      "version": "4.7.9",
      "resolved": "https://registry.npmjs.org/@types/history/-/history-4.7.9.tgz",
      "integrity": "sha512-MUc6zSmU3tEVnkQ78q0peeEjKWPUADMlC/t++2bI8WnAG2tvYRPIgHG8lWkXwqc8MsUF6Z2MOf+Mh5sazOmhiQ=="
    },
    "@types/prop-types": {
      "version": "15.7.4",
      "resolved": "https://registry.npmjs.org/@types/prop-types/-/prop-types-15.7.4.tgz",
      "integrity": "sha512-rZ5drC/jWjrArrS8BR6SIr4cWpW09RNTYt9AMZo3Jwwif+iacXAqgVjm0B0Bv/S1jhDXKHqRVNCbACkJ89RAnQ=="
    },
    "@types/react": {
      "version": "17.0.34",
      "resolved": "https://registry.npmjs.org/@types/react/-/react-17.0.34.tgz",
      "integrity": "sha512-46FEGrMjc2+8XhHXILr+3+/sTe3OfzSPU9YGKILLrUYbQ1CLQC9Daqo1KzENGXAWwrFwiY0l4ZbF20gRvgpWTg==",
      "requires": {
        "@types/prop-types": "*",
        "@types/scheduler": "*",
        "csstype": "^3.0.2"
      }
    },
    "@types/react-router": {
      "version": "5.1.17",
      "resolved": "https://registry.npmjs.org/@types/react-router/-/react-router-5.1.17.tgz",
      "integrity": "sha512-RNSXOyb3VyRs/EOGmjBhhGKTbnN6fHWvy5FNLzWfOWOGjgVUKqJZXfpKzLmgoU8h6Hj8mpALj/mbXQASOb92wQ==",
      "requires": {
        "@types/history": "*",
        "@types/react": "*"
      }
    },
    "@types/react-router-dom": {
      "version": "5.3.2",
      "resolved": "https://registry.npmjs.org/@types/react-router-dom/-/react-router-dom-5.3.2.tgz",
      "integrity": "sha512-ELEYRUie2czuJzaZ5+ziIp9Hhw+juEw8b7C11YNA4QdLCVbQ3qLi2l4aq8XnlqM7V31LZX8dxUuFUCrzHm6sqQ==",
      "requires": {
        "@types/history": "*",
        "@types/react": "*",
        "@types/react-router": "*"
      }
    },
    "@types/react-transition-group": {
      "version": "4.4.4",
      "resolved": "https://registry.npmjs.org/@types/react-transition-group/-/react-transition-group-4.4.4.tgz",
      "integrity": "sha512-7gAPz7anVK5xzbeQW9wFBDg7G++aPLAFY0QaSMOou9rJZpbuI58WAuJrgu+qR92l61grlnCUe7AFX8KGahAgug==",
      "requires": {
        "@types/react": "*"
      }
    },
    "@types/scheduler": {
      "version": "0.16.2",
      "resolved": "https://registry.npmjs.org/@types/scheduler/-/scheduler-0.16.2.tgz",
      "integrity": "sha512-hppQEBDmlwhFAXKJX2KnWLYu5yMfi91yazPb2l+lbJiwW+wdo1gNeRA+3RgNSO39WYX2euey41KEwnqesU2Jew=="
    },
    "backo2": {
      "version": "1.0.2",
      "resolved": "https://registry.npmjs.org/backo2/-/backo2-1.0.2.tgz",
      "integrity": "sha1-MasayLEpNjRj41s+u2n038+6eUc="
    },
    "base64-arraybuffer": {
      "version": "1.0.1",
      "resolved": "https://registry.npmjs.org/base64-arraybuffer/-/base64-arraybuffer-1.0.1.tgz",
      "integrity": "sha512-vFIUq7FdLtjZMhATwDul5RZWv2jpXQ09Pd6jcVEOvIsqCWTRFD/ONHNfyOS8dA/Ippi5dsIgpyKWKZaAKZltbA=="
    },
    "csstype": {
      "version": "3.0.9",
      "resolved": "https://registry.npmjs.org/csstype/-/csstype-3.0.9.tgz",
      "integrity": "sha512-rpw6JPxK6Rfg1zLOYCSwle2GFOOsnjmDYDaBwEcwoOg4qlsIVCN789VkBZDJAGi4T07gI4YSutR43t9Zz4Lzuw=="
    },
    "debug": {
      "version": "4.3.2",
      "resolved": "https://registry.npmjs.org/debug/-/debug-4.3.2.tgz",
      "integrity": "sha512-mOp8wKcvj7XxC78zLgw/ZA+6TSgkoE2C/ienthhRD298T7UNwAg9diBpLRxC0mOezLl4B0xV7M0cCO6P/O0Xhw==",
      "requires": {
        "ms": "2.1.2"
      }
    },
    "dom-helpers": {
      "version": "5.2.1",
      "resolved": "https://registry.npmjs.org/dom-helpers/-/dom-helpers-5.2.1.tgz",
      "integrity": "sha512-nRCa7CK3VTrM2NmGkIy4cbK7IZlgBE/PYMn55rrXefr5xXDP0LdtfPnblFDoVdcAfslJ7or6iqAUnx0CCGIWQA==",
      "requires": {
        "@babel/runtime": "^7.8.7",
        "csstype": "^3.0.2"
      }
    },
    "engine.io-client": {
      "version": "6.0.2",
      "resolved": "https://registry.npmjs.org/engine.io-client/-/engine.io-client-6.0.2.tgz",
      "integrity": "sha512-cAep9lhZV6Q8jMXx3TNSU5cydMzMed8/O7Tz5uzyqZvpNPtQ3WQXrLYGADxlsuaFmOLN7wZLmT7ImiFhUOku8g==",
      "requires": {
        "@socket.io/component-emitter": "~3.0.0",
        "debug": "~4.3.1",
        "engine.io-parser": "~5.0.0",
        "has-cors": "1.1.0",
        "parseqs": "0.0.6",
        "parseuri": "0.0.6",
        "ws": "~8.2.3",
        "xmlhttprequest-ssl": "~2.0.0",
        "yeast": "0.1.2"
      }
    },
    "engine.io-parser": {
      "version": "5.0.1",
      "resolved": "https://registry.npmjs.org/engine.io-parser/-/engine.io-parser-5.0.1.tgz",
      "integrity": "sha512-j4p3WwJrG2k92VISM0op7wiq60vO92MlF3CRGxhKHy9ywG1/Dkc72g0dXeDQ+//hrcDn8gqQzoEkdO9FN0d9AA==",
      "requires": {
        "base64-arraybuffer": "~1.0.1"
      }
    },
    "has-cors": {
      "version": "1.1.0",
      "resolved": "https://registry.npmjs.org/has-cors/-/has-cors-1.1.0.tgz",
      "integrity": "sha1-XkdHk/fqmEPRu5nCPu9J/xJv/zk="
    },
    "js-tokens": {
      "version": "4.0.0",
      "resolved": "https://registry.npmjs.org/js-tokens/-/js-tokens-4.0.0.tgz",
      "integrity": "sha512-RdJUflcE3cUzKiMqQgsCu06FPu9UdIJO0beYbPhHN4k6apgJtifcoCtT9bcxOpYBtpD2kCM6Sbzg4CausW/PKQ=="
    },
    "loose-envify": {
      "version": "1.4.0",
      "resolved": "https://registry.npmjs.org/loose-envify/-/loose-envify-1.4.0.tgz",
      "integrity": "sha512-lyuxPGr/Wfhrlem2CL/UcnUc1zcqKAImBDzukY7Y5F/yQiNdko6+fRLevlw1HgMySw7f611UIY408EtxRSoK3Q==",
      "requires": {
        "js-tokens": "^3.0.0 || ^4.0.0"
      }
    },
    "ms": {
      "version": "2.1.2",
      "resolved": "https://registry.npmjs.org/ms/-/ms-2.1.2.tgz",
      "integrity": "sha512-sGkPx+VjMtmA6MX27oA4FBFELFCZZ4S4XqeGOXCv68tT+jb3vk/RyaKWP0PTKyWtmLSM0b+adUTEvbs1PEaH2w=="
    },
    "object-assign": {
      "version": "4.1.1",
      "resolved": "https://registry.npmjs.org/object-assign/-/object-assign-4.1.1.tgz",
      "integrity": "sha1-IQmtx5ZYh8/AXLvUQsrIv7s2CGM="
    },
    "parseqs": {
      "version": "0.0.6",
      "resolved": "https://registry.npmjs.org/parseqs/-/parseqs-0.0.6.tgz",
      "integrity": "sha512-jeAGzMDbfSHHA091hr0r31eYfTig+29g3GKKE/PPbEQ65X0lmMwlEoqmhzu0iztID5uJpZsFlUPDP8ThPL7M8w=="
    },
    "parseuri": {
      "version": "0.0.6",
      "resolved": "https://registry.npmjs.org/parseuri/-/parseuri-0.0.6.tgz",
      "integrity": "sha512-AUjen8sAkGgao7UyCX6Ahv0gIK2fABKmYjvP4xmy5JaKvcbTRueIqIPHLAfq30xJddqSE033IOMUSOMCcK3Sow=="
    },
    "prop-types": {
      "version": "15.7.2",
      "resolved": "https://registry.npmjs.org/prop-types/-/prop-types-15.7.2.tgz",
      "integrity": "sha512-8QQikdH7//R2vurIJSutZ1smHYTcLpRWEOlHnzcWHmBYrOGUysKwSsrC89BCiFj3CbrfJ/nXFdJepOVrY1GCHQ==",
      "requires": {
        "loose-envify": "^1.4.0",
        "object-assign": "^4.1.1",
        "react-is": "^16.8.1"
      }
    },
    "react-is": {
      "version": "16.13.1",
      "resolved": "https://registry.npmjs.org/react-is/-/react-is-16.13.1.tgz",
      "integrity": "sha512-24e6ynE2H+OKt4kqsOvNd8kBpV65zoxbA4BVsEOB3ARVWQki/DHzaUoC5KuON/BiccDaCCTZBuOcfZs70kR8bQ=="
    },
    "react-transition-group": {
      "version": "4.4.2",
      "resolved": "https://registry.npmjs.org/react-transition-group/-/react-transition-group-4.4.2.tgz",
      "integrity": "sha512-/RNYfRAMlZwDSr6z4zNKV6xu53/e2BuaBbGhbyYIXTrmgu/bGHzmqOs7mJSJBHy9Ud+ApHx3QjrkKSp1pxvlFg==",
      "requires": {
        "@babel/runtime": "^7.5.5",
        "dom-helpers": "^5.0.1",
        "loose-envify": "^1.4.0",
        "prop-types": "^15.6.2"
      }
    },
    "regenerator-runtime": {
      "version": "0.13.9",
      "resolved": "https://registry.npmjs.org/regenerator-runtime/-/regenerator-runtime-0.13.9.tgz",
      "integrity": "sha512-p3VT+cOEgxFsRRA9X4lkI1E+k2/CtnKtU4gcxyaCUreilL/vqI6CdZ3wxVUx3UOUg+gnUOQQcRI7BmSI656MYA=="
    },
    "socket.io-client": {
      "version": "4.3.2",
      "resolved": "https://registry.npmjs.org/socket.io-client/-/socket.io-client-4.3.2.tgz",
      "integrity": "sha512-2B9LqSunN60yV8F7S84CCEEcgbYNfrn7ejIInZtLZ7ppWtiX8rGZAjvdCvbnC8bqo/9RlCNOUsORLyskxSFP1g==",
      "requires": {
        "@socket.io/component-emitter": "~3.0.0",
        "backo2": "~1.0.2",
        "debug": "~4.3.2",
        "engine.io-client": "~6.0.1",
        "parseuri": "0.0.6",
        "socket.io-parser": "~4.1.1"
      }
    },
    "socket.io-parser": {
      "version": "4.1.1",
      "resolved": "https://registry.npmjs.org/socket.io-parser/-/socket.io-parser-4.1.1.tgz",
      "integrity": "sha512-USQVLSkDWE5nbcY760ExdKaJxCE65kcsG/8k5FDGZVVxpD1pA7hABYXYkCUvxUuYYh/+uQw0N/fvBzfT8o07KA==",
      "requires": {
        "@socket.io/component-emitter": "~3.0.0",
        "debug": "~4.3.1"
      }
    },
    "ws": {
      "version": "8.2.3",
      "resolved": "https://registry.npmjs.org/ws/-/ws-8.2.3.tgz",
      "integrity": "sha512-wBuoj1BDpC6ZQ1B7DWQBYVLphPWkm8i9Y0/3YdHjHKHiohOJ1ws+3OccDWtH+PoC9DZD5WOTrJvNbWvjS6JWaA=="
    },
    "xmlhttprequest-ssl": {
      "version": "2.0.0",
      "resolved": "https://registry.npmjs.org/xmlhttprequest-ssl/-/xmlhttprequest-ssl-2.0.0.tgz",
      "integrity": "sha512-QKxVRxiRACQcVuQEYFsI1hhkrMlrXHPegbbd1yn9UHOmRxY+si12nQYzri3vbzt8VdTTRviqcKxcyllFas5z2A=="
    },
    "yeast": {
      "version": "0.1.2",
      "resolved": "https://registry.npmjs.org/yeast/-/yeast-0.1.2.tgz",
      "integrity": "sha1-AI4G2AlDIMNy28L47XagymyKxBk="
    }
  }
}
